
Microsoft Visual Studio Solution File, Format Version 12.00
# Visual Studio Version 16
VisualStudioVersion = 16.0.29215.179
MinimumVisualStudioVersion = 15.0.26124.0
Project("{9A19103F-16F7-4668-BE54-9A1E7A4F7556}") = "Cacawa", "Cacawa\Cacawa.csproj", "{81A5B7B0-6275-4C05-8991-460418D5C266}"
EndProject
Global
	GlobalSection(SolutionConfigurationPlatforms) = preSolution
		Debug|Any CPU = Debug|Any CPU
		Debug|x64 = Debug|x64
		Debug|x86 = Debug|x86
		Release|Any CPU = Release|Any CPU
		Release|x64 = Release|x64
		Release|x86 = Release|x86
	EndGlobalSection
	GlobalSection(ProjectConfigurationPlatforms) = postSolution
		{81A5B7B0-6275-4C05-8991-460418D5C266}.Debug|Any CPU.ActiveCfg = Debug|Any CPU
		{81A5B7B0-6275-4C05-8991-460418D5C266}.Debug|Any CPU.Build.0 = Debug|Any CPU
		{81A5B7B0-6275-4C05-8991-460418D5C266}.Debug|x64.ActiveCfg = Debug|Any CPU
		{81A5B7B0-6275-4C05-8991-460418D5C266}.Debug|x64.Build.0 = Debug|Any CPU
		{81A5B7B0-6275-4C05-8991-460418D5C266}.Debug|x86.ActiveCfg = Debug|Any CPU
		{81A5B7B0-6275-4C05-8991-460418D5C266}.Debug|x86.Build.0 = Debug|Any CPU
		{81A5B7B0-6275-4C05-8991-460418D5C266}.Release|Any CPU.ActiveCfg = Release|Any CPU
		{81A5B7B0-6275-4C05-8991-460418D5C266}.Release|Any CPU.Build.0 = Release|Any CPU
		{81A5B7B0-6275-4C05-8991-460418D5C266}.Release|x64.ActiveCfg = Release|Any CPU
		{81A5B7B0-6275-4C05-8991-460418D5C266}.Release|x64.Build.0 = Release|Any CPU
		{81A5B7B0-6275-4C05-8991-460418D5C266}.Release|x86.ActiveCfg = Release|Any CPU
		{81A5B7B0-6275-4C05-8991-460418D5C266}.Release|x86.Build.0 = Release|Any CPU
	EndGlobalSection
	GlobalSection(SolutionProperties) = preSolution
		HideSolutionNode = FALSE
	EndGlobalSection
	GlobalSection(ExtensibilityGlobals) = postSolution
		SolutionGuid = {74363774-8FC2-4491-AEFF-89627FCE153A}
	EndGlobalSection
EndGlobal
